// !$*UTF8*$!
{
	archiveVersion = 1;
	classes = {
	};
	objectVersion = 46;
	objects = {

/* Begin PBXBuildFile section */
		5755EAAD1BF7F7A00061C7FB /* BlogPost.m in Sources */ = {isa = PBXBuildFile; fileRef = 5755EAAC1BF7F7A00061C7FB /* BlogPost.m */; settings = {ASSET_TAGS = (); }; };
		5755EAAF1BF825010061C7FB /* treehouse.png in Resources */ = {isa = PBXBuildFile; fileRef = 5755EAAE1BF825010061C7FB /* treehouse.png */; settings = {ASSET_TAGS = (); }; };
		57AC95191BF7120A00650B8A /* main.m in Sources */ = {isa = PBXBuildFile; fileRef = 57AC95181BF7120A00650B8A /* main.m */; };
		57AC951C1BF7120A00650B8A /* AppDelegate.m in Sources */ = {isa = PBXBuildFile; fileRef = 57AC951B1BF7120A00650B8A /* AppDelegate.m */; };
		57AC951F1BF7120A00650B8A /* TableViewController.m in Sources */ = {isa = PBXBuildFile; fileRef = 57AC951E1BF7120A00650B8A /* TableViewController.m */; };
		57AC95221BF7120A00650B8A /* Main.storyboard in Resources */ = {isa = PBXBuildFile; fileRef = 57AC95201BF7120A00650B8A /* Main.storyboard */; };
		57AC95241BF7120A00650B8A /* Assets.xcassets in Resources */ = {isa = PBXBuildFile; fileRef = 57AC95231BF7120A00650B8A /* Assets.xcassets */; };
		57AC95271BF7120A00650B8A /* LaunchScreen.storyboard in Resources */ = {isa = PBXBuildFile; fileRef = 57AC95251BF7120A00650B8A /* LaunchScreen.storyboard */; };
/* End PBXBuildFile section */

/* Begin PBXFileReference section */
		5755EAAB1BF7F7A00061C7FB /* BlogPost.h */ = {isa = PBXFileReference; fileEncoding = 4; lastKnownFileType = sourcecode.c.h; path = BlogPost.h; sourceTree = "<group>"; };
		5755EAAC1BF7F7A00061C7FB /* BlogPost.m */ = {isa = PBXFileReference; fileEncoding = 4; lastKnownFileType = sourcecode.c.objc; path = BlogPost.m; sourceTree = "<group>"; };
		5755EAAE1BF825010061C7FB /* treehouse.png */ = {isa = PBXFileReference; lastKnownFileType = image.png; name = treehouse.png; path = ../../../../../Downloads/BlogReader/BlogReader/treehouse.png; sourceTree = "<group>"; };
		57AC95141BF7120A00650B8A /* TreehouseBlogReader.app */ = {isa = PBXFileReference; explicitFileType = wrapper.application; includeInIndex = 0; path = TreehouseBlogReader.app; sourceTree = BUILT_PRODUCTS_DIR; };
		57AC95181BF7120A00650B8A /* main.m */ = {isa = PBXFileReference; lastKnownFileType = sourcecode.c.objc; path = main.m; sourceTree = "<group>"; };
		57AC951A1BF7120A00650B8A /* AppDelegate.h */ = {isa = PBXFileReference; lastKnownFileType = sourcecode.c.h; path = AppDelegate.h; sourceTree = "<group>"; };
		57AC951B1BF7120A00650B8A /* AppDelegate.m */ = {isa = PBXFileReference; lastKnownFileType = sourcecode.c.objc; path = AppDelegate.m; sourceTree = "<group>"; };
		57AC951D1BF7120A00650B8A /* TableViewController.h */ = {isa = PBXFileReference; lastKnownFileType = sourcecode.c.h; path = TableViewController.h; sourceTree = "<group>"; };
		57AC951E1BF7120A00650B8A /* TableViewController.m */ = {isa = PBXFileReference; lastKnownFileType = sourcecode.c.objc; path = TableViewController.m; sourceTree = "<group>"; };
		57AC95211BF7120A00650B8A /* Base */ = {isa = PBXFileReference; lastKnownFileType = file.storyboard; name = Base; path = Base.lproj/Main.storyboard; sourceTree = "<group>"; };
		57AC95231BF7120A00650B8A /* Assets.xcassets */ = {isa = PBXFileReference; lastKnownFileType = folder.assetcatalog; path = Assets.xcassets; sourceTree = "<group>"; };
		57AC95261BF7120A00650B8A /* Base */ = {isa = PBXFileReference; lastKnownFileType = file.storyboard; name = Base; path = Base.lproj/LaunchScreen.storyboard; sourceTree = "<group>"; };
		57AC95281BF7120A00650B8A /* Info.plist */ = {isa = PBXFileReference; lastKnownFileType = text.plist.xml; path = Info.plist; sourceTree = "<group>"; };
/* End PBXFileReference section */

/* Begin PBXFrameworksBuildPhase section */
		57AC95111BF7120A00650B8A /* Frameworks */ = {
			isa = PBXFrameworksBuildPhase;
			buildActionMask = 2147483647;
			files = (
			);
			runOnlyForDeploymentPostprocessing = 0;
		};
/* End PBXFrameworksBuildPhase section */

/* Begin PBXGroup section */
		57AC950B1BF7120A00650B8A = {
			isa = PBXGroup;
			children = (
				57AC95161BF7120A00650B8A /* TreehouseBlogReader */,
				57AC95151BF7120A00650B8A /* Products */,
			);
			sourceTree = "<group>";
		};
		57AC95151BF7120A00650B8A /* Products */ = {
			isa = PBXGroup;
			children = (
				57AC95141BF7120A00650B8A /* TreehouseBlogReader.app */,
			);
			name = Products;
			sourceTree = "<group>";
		};
		57AC95161BF7120A00650B8A /* TreehouseBlogReader */ = {
			isa = PBXGroup;
			children = (
				57AC951A1BF7120A00650B8A /* AppDelegate.h */,
				57AC951B1BF7120A00650B8A /* AppDelegate.m */,
				57AC951D1BF7120A00650B8A /* TableViewController.h */,
				57AC951E1BF7120A00650B8A /* TableViewController.m */,
				57AC95201BF7120A00650B8A /* Main.storyboard */,
				5755EAAB1BF7F7A00061C7FB /* BlogPost.h */,
				5755EAAC1BF7F7A00061C7FB /* BlogPost.m */,
				57AC95231BF7120A00650B8A /* Assets.xcassets */,
				57AC95251BF7120A00650B8A /* LaunchScreen.storyboard */,
				57AC95281BF7120A00650B8A /* Info.plist */,
				57AC95171BF7120A00650B8A /* Supporting Files */,
			);
			path = TreehouseBlogReader;
			sourceTree = "<group>";
		};
		57AC95171BF7120A00650B8A /* Supporting Files */ = {
			isa = PBXGroup;
			children = (
				5755EAAE1BF825010061C7FB /* treehouse.png */,
				57AC95181BF7120A00650B8A /* main.m */,
			);
			name = "Supporting Files";
			sourceTree = "<group>";
		};
/* End PBXGroup section */

/* Begin PBXNativeTarget section */
		57AC95131BF7120A00650B8A /* TreehouseBlogReader */ = {
			isa = PBXNativeTarget;
			buildConfigurationList = 57AC952B1BF7120A00650B8A /* Build configuration list for PBXNativeTarget "TreehouseBlogReader" */;
			buildPhases = (
				57AC95101BF7120A00650B8A /* Sources */,
				57AC95111BF7120A00650B8A /* Frameworks */,
				57AC95121BF7120A00650B8A /* Resources */,
			);
			buildRules = (
			);
			dependencies = (
			);
			name = TreehouseBlogReader;
			productName = TreehouseBlogReader;
			productReference = 57AC95141BF7120A00650B8A /* TreehouseBlogReader.app */;
			productType = "com.apple.product-type.application";
		};
/* End PBXNativeTarget section */

/* Begin PBXProject section */
		57AC950C1BF7120A00650B8A /* Project object */ = {
			isa = PBXProject;
			attributes = {
				LastUpgradeCheck = 0700;
				ORGANIZATIONNAME = "Cookie Gu";
				TargetAttributes = {
					57AC95131BF7120A00650B8A = {
						CreatedOnToolsVersion = 7.0.1;
						DevelopmentTeam = 3L2LZFB8LJ;
					};
				};
			};
			buildConfigurationList = 57AC950F1BF7120A00650B8A /* Build configuration list for PBXProject "TreehouseBlogReader" */;
			compatibilityVersion = "Xcode 3.2";
			developmentRegion = English;
			hasScannedForEncodings = 0;
			knownRegions = (
				en,
				Base,
			);
			mainGroup = 57AC950B1BF7120A00650B8A;
			productRefGroup = 57AC95151BF7120A00650B8A /* Products */;
			projectDirPath = "";
			projectRoot = "";
			targets = (
				57AC95131BF7120A00650B8A /* TreehouseBlogReader */,
			);
		};
/* End PBXProject section */

/* Begin PBXResourcesBuildPhase section */
		57AC95121BF7120A00650B8A /* Resources */ = {
			isa = PBXResourcesBuildPhase;
			buildActionMask = 2147483647;
			files = (
				5755EAAF1BF825010061C7FB /* treehouse.png in Resources */,
				57AC95271BF7120A00650B8A /* LaunchScreen.storyboard in Resources */,
				57AC95241BF7120A00650B8A /* Assets.xcassets in Resources */,
				57AC95221BF7120A00650B8A /* Main.storyboard in Resources */,
			);
			runOnlyForDeploymentPostprocessing = 0;
		};
/* End PBXResourcesBuildPhase section */

/* Begin PBXSourcesBuildPhase section */
		57AC95101BF7120A00650B8A /* Sources */ = {
			isa = PBXSourcesBuildPhase;
			buildActionMask = 2147483647;
			files = (
				57AC951F1BF7120A00650B8A /* TableViewController.m in Sources */,
				57AC951C1BF7120A00650B8A /* AppDelegate.m in Sources */,
				57AC95191BF7120A00650B8A /* main.m in Sources */,
				5755EAAD1BF7F7A00061C7FB /* BlogPost.m in Sources */,
			);
			runOnlyForDeploymentPostprocessing = 0;
		};
/* End PBXSourcesBuildPhase section */

/* Begin PBXVariantGroup section */
		57AC95201BF7120A00650B8A /* Main.storyboard */ = {
			isa = PBXVariantGroup;
			children = (
				57AC95211BF7120A00650B8A /* Base */,
			);
			name = Main.storyboard;
			sourceTree = "<group>";
		};
		57AC95251BF7120A00650B8A /* LaunchScreen.storyboard */ = {
			isa = PBXVariantGroup;
			children = (
				57AC95261BF7120A00650B8A /* Base */,
			);
			name = LaunchScreen.storyboard;
			sourceTree = "<group>";
		};
/* End PBXVariantGroup section */

/* Begin XCBuildConfiguration section */
		57AC95291BF7120A00650B8A /* Debug */ = {
			isa = XCBuildConfiguration;
			buildSettings = {
				ALWAYS_SEARCH_USER_PATHS = NO;
				CLANG_CXX_LANGUAGE_STANDARD = "gnu++0x";
				CLANG_CXX_LIBRARY = "libc++";
				CLANG_ENABLE_MODULES = YES;
				CLANG_ENABLE_OBJC_ARC = YES;
				CLANG_WARN_BOOL_CONVERSION = YES;
				CLANG_WARN_CONSTANT_CONVERSION = YES;
				CLANG_WARN_DIRECT_OBJC_ISA_USAGE = YES_ERROR;
				CLANG_WARN_EMPTY_BODY = YES;
				CLANG_WARN_ENUM_CONVERSION = YES;
				CLANG_WARN_INT_CONVERSION = YES;
				CLANG_WARN_OBJC_ROOT_CLASS = YES_ERROR;
				CLANG_WARN_UNREACHABLE_CODE = YES;
				CLANG_WARN__DUPLICATE_METHOD_MATCH = YES;
				"CODE_SIGN_IDENTITY[sdk=iphoneos*]" = "iPhone Developer";
				COPY_PHASE_STRIP = NO;
				DEBUG_INFORMATION_FORMAT = dwarf;
				ENABLE_STRICT_OBJC_MSGSEND = YES;
				ENABLE_TESTABILITY = YES;
				GCC_C_LANGUAGE_STANDARD = gnu99;
				GCC_DYNAMIC_NO_PIC = NO;
				GCC_NO_COMMON_BLOCKS = YES;
				GCC_OPTIMIZATION_LEVEL = 0;
				GCC_PREPROCESSOR_DEFINITIONS = (
					"DEBUG=1",
					"$(inherited)",
				);
				GCC_WARN_64_TO_32_BIT_CONVERSION = YES;
				GCC_WARN_ABOUT_RETURN_TYPE = YES_ERROR;
				GCC_WARN_UNDECLARED_SELECTOR = YES;
				GCC_WARN_UNINITIALIZED_AUTOS = YES_AGGRESSIVE;
				GCC_WARN_UNUSED_FUNCTION = YES;
				GCC_WARN_UNUSED_VARIABLE = YES;
				IPHONEOS_DEPLOYMENT_TARGET = 9.0;
				MTL_ENABLE_DEBUG_INFO = YES;
				ONLY_ACTIVE_ARCH = YES;
				SDKROOT = iphoneos;
			};
			name = Debug;
		};
		57AC952A1BF7120A00650B8A /* Release */ = {
			isa = XCBuildConfiguration;
			buildSettings = {
				ALWAYS_SEARCH_USER_PATHS = NO;
				CLANG_CXX_LANGUAGE_STANDARD = "gnu++0x";
				CLANG_CXX_LIBRARY = "libc++";
				CLANG_ENABLE_MODULES = YES;
				CLANG_ENABLE_OBJC_ARC = YES;
				CLANG_WARN_BOOL_CONVERSION = YES;
				CLANG_WARN_CONSTANT_CONVERSION = YES;
				CLANG_WARN_DIRECT_OBJC_ISA_USAGE = YES_ERROR;
				CLANG_WARN_EMPTY_BODY = YES;
				CLANG_WARN_ENUM_CONVERSION = YES;
				CLANG_WARN_INT_CONVERSION = YES;
				CLANG_WARN_OBJC_ROOT_CLASS = YES_ERROR;
				CLANG_WARN_UNREACHABLE_CODE = YES;
				CLANG_WARN__DUPLICATE_METHOD_MATCH = YES;
				"CODE_SIGN_IDENTITY[sdk=iphoneos*]" = "iPhone Developer";
				COPY_PHASE_STRIP = NO;
				DEBUG_INFORMATION_FORMAT = "dwarf-with-dsym";
				ENABLE_NS_ASSERTIONS = NO;
				ENABLE_STRICT_OBJC_MSGSEND = YES;
				GCC_C_LANGUAGE_STANDARD = gnu99;
				GCC_NO_COMMON_BLOCKS = YES;
				GCC_WARN_64_TO_32_BIT_CONVERSION = YES;
				GCC_WARN_ABOUT_RETURN_TYPE = YES_ERROR;
				GCC_WARN_UNDECLARED_SELECTOR = YES;
				GCC_WARN_UNINITIALIZED_AUTOS = YES_AGGRESSIVE;
				GCC_WARN_UNUSED_FUNCTION = YES;
				GCC_WARN_UNUSED_VARIABLE = YES;
				IPHONEOS_DEPLOYMENT_TARGET = 9.0;
				MTL_ENABLE_DEBUG_INFO = NO;
				SDKROOT = iphoneos;
				VALIDATE_PRODUCT = YES;
			};
			name = Release;
		};
		57AC952C1BF7120A00650B8A /* Debug */ = {
			isa = XCBuildConfiguration;
			buildSettings = {
				ASSETCATALOG_COMPILER_APPICON_NAME = AppIcon;
				CODE_SIGN_IDENTITY = "iPhone Developer";
				INFOPLIST_FILE = TreehouseBlogReader/Info.plist;
				IPHONEOS_DEPLOYMENT_TARGET = 7.0;
				LD_RUNPATH_SEARCH_PATHS = "$(inherited) @executable_path/Frameworks";
				PRODUCT_BUNDLE_IDENTIFIER = com.cookrin.TreehouseBlogReader;
				PRODUCT_NAME = "$(TARGET_NAME)";
			};
			name = Debug;
		};
		57AC952D1BF7120A00650B8A /* Release */ = {
			isa = XCBuildConfiguration;
			buildSettings = {
				ASSETCATALOG_COMPILER_APPICON_NAME = AppIcon;
				CODE_SIGN_IDENTITY = "iPhone Developer";
				INFOPLIST_FILE = TreehouseBlogReader/Info.plist;
				IPHONEOS_DEPLOYMENT_TARGET = 7.0;
				LD_RUNPATH_SEARCH_PATHS = "$(inherited) @executable_path/Frameworks";
				PRODUCT_BUNDLE_IDENTIFIER = com.cookrin.TreehouseBlogReader;
				PRODUCT_NAME = "$(TARGET_NAME)";
			};
			name = Release;
		};
/* End XCBuildConfiguration section */

/* Begin XCConfigurationList section */
		57AC950F1BF7120A00650B8A /* Build configuration list for PBXProject "TreehouseBlogReader" */ = {
			isa = XCConfigurationList;
			buildConfigurations = (
				57AC95291BF7120A00650B8A /* Debug */,
				57AC952A1BF7120A00650B8A /* Release */,
			);
			defaultConfigurationIsVisible = 0;
			defaultConfigurationName = Release;
		};
		57AC952B1BF7120A00650B8A /* Build configuration list for PBXNativeTarget "TreehouseBlogReader" */ = {
			isa = XCConfigurationList;
			buildConfigurations = (
				57AC952C1BF7120A00650B8A /* Debug */,
				57AC952D1BF7120A00650B8A /* Release */,
			);
			defaultConfigurationIsVisible = 0;
			defaultConfigurationName = Release;
		};
/* End XCConfigurationList section */
	};
	rootObject = 57AC950C1BF7120A00650B8A /* Project object */;
}
